
Microsoft Visual Studio Solution File, Format Version 12.00
# Visual Studio Version 17
VisualStudioVersion = 17.14.36221.1
MinimumVisualStudioVersion = 10.0.40219.1
Project("{FAE04EC0-301F-11D3-BF4B-00C04F79EFBC}") = "BatchRecord.Aplication", "BatchRecord.Aplication\BatchRecord.Aplication.csproj", "{8EA086BA-3BF2-485F-9719-B2A5F5DF7F31}"
EndProject
Project("{FAE04EC0-301F-11D3-BF4B-00C04F79EFBC}") = "BatchRecord.Domain", "BatchRecord.Domain\BatchRecord.Domain.csproj", "{149D62A1-ECB5-4B9A-AC08-62AE246FA6F2}"
EndProject
Project("{FAE04EC0-301F-11D3-BF4B-00C04F79EFBC}") = "BatchRecord.Infraestructure", "BatchRecord.Infraestructure\BatchRecord.Infraestructure.csproj", "{2B305CFD-4C05-4C15-90EE-F09BA08554B9}"
EndProject
Project("{FAE04EC0-301F-11D3-BF4B-00C04F79EFBC}") = "BatchRecord.Api", "BatchRecord.Api\BatchRecord.Api.csproj", "{F9118CC9-5670-456D-A0CE-D51F72536963}"
EndProject
Global
	GlobalSection(SolutionConfigurationPlatforms) = preSolution
		Debug|Any CPU = Debug|Any CPU
		Release|Any CPU = Release|Any CPU
	EndGlobalSection
	GlobalSection(ProjectConfigurationPlatforms) = postSolution
		{8EA086BA-3BF2-485F-9719-B2A5F5DF7F31}.Debug|Any CPU.ActiveCfg = Debug|Any CPU
		{8EA086BA-3BF2-485F-9719-B2A5F5DF7F31}.Debug|Any CPU.Build.0 = Debug|Any CPU
		{8EA086BA-3BF2-485F-9719-B2A5F5DF7F31}.Release|Any CPU.ActiveCfg = Release|Any CPU
		{8EA086BA-3BF2-485F-9719-B2A5F5DF7F31}.Release|Any CPU.Build.0 = Release|Any CPU
		{149D62A1-ECB5-4B9A-AC08-62AE246FA6F2}.Debug|Any CPU.ActiveCfg = Debug|Any CPU
		{149D62A1-ECB5-4B9A-AC08-62AE246FA6F2}.Debug|Any CPU.Build.0 = Debug|Any CPU
		{149D62A1-ECB5-4B9A-AC08-62AE246FA6F2}.Release|Any CPU.ActiveCfg = Release|Any CPU
		{149D62A1-ECB5-4B9A-AC08-62AE246FA6F2}.Release|Any CPU.Build.0 = Release|Any CPU
		{2B305CFD-4C05-4C15-90EE-F09BA08554B9}.Debug|Any CPU.ActiveCfg = Debug|Any CPU
		{2B305CFD-4C05-4C15-90EE-F09BA08554B9}.Debug|Any CPU.Build.0 = Debug|Any CPU
		{2B305CFD-4C05-4C15-90EE-F09BA08554B9}.Release|Any CPU.ActiveCfg = Release|Any CPU
		{2B305CFD-4C05-4C15-90EE-F09BA08554B9}.Release|Any CPU.Build.0 = Release|Any CPU
		{F9118CC9-5670-456D-A0CE-D51F72536963}.Debug|Any CPU.ActiveCfg = Debug|Any CPU
		{F9118CC9-5670-456D-A0CE-D51F72536963}.Debug|Any CPU.Build.0 = Debug|Any CPU
		{F9118CC9-5670-456D-A0CE-D51F72536963}.Release|Any CPU.ActiveCfg = Release|Any CPU
		{F9118CC9-5670-456D-A0CE-D51F72536963}.Release|Any CPU.Build.0 = Release|Any CPU
	EndGlobalSection
	GlobalSection(SolutionProperties) = preSolution
		HideSolutionNode = FALSE
	EndGlobalSection
	GlobalSection(ExtensibilityGlobals) = postSolution
		SolutionGuid = {EF2A8C30-EFBA-4561-A753-8A8C8ADCB381}
	EndGlobalSection
EndGlobal
